{
  "name": "my-new-project",
  "version": "0.1.0",
  "lockfileVersion": 1,
  "requires": true,
  "dependencies": {
    "bs-platform": {
      "version": "5.2.1",
      "resolved": "https://registry.npmjs.org/bs-platform/-/bs-platform-5.2.1.tgz",
      "integrity": "sha512-3ISP+RBC/NYILiJnphCY0W3RTYpQ11JGa2dBBLVug5fpFZ0qtSaL3ZplD8MyjNeXX2bC7xgrWfgBSn8Tc9om7Q==",
      "dev": true
    },
    "bs-readline": {
      "version": "1.0.4",
      "resolved": "https://registry.npmjs.org/bs-readline/-/bs-readline-1.0.4.tgz",
      "integrity": "sha512-Y3GBA9UZ2Qb0vvQDisIWJjYjkDPzmdwifQ0Hw5NO8uPc/qxgcVx8zbmeAWWC9qN11dBkVRRrMpQbSymNUsqD0Q=="
    }
  }
}
